
Microsoft Visual Studio Solution File, Format Version 12.00
# Visual Studio Version 16
VisualStudioVersion = 16.0.29509.3
MinimumVisualStudioVersion = 10.0.40219.1
Project("{FAE04EC0-301F-11D3-BF4B-00C04F79EFBC}") = "bookBank.API", "bookBank.API.csproj", "{24F09411-F0F6-4762-BC8C-B7CA57EDBE3F}"
EndProject
Global
	GlobalSection(SolutionConfigurationPlatforms) = preSolution
		Debug|Any CPU = Debug|Any CPU
		Release|Any CPU = Release|Any CPU
	EndGlobalSection
	GlobalSection(ProjectConfigurationPlatforms) = postSolution
		{24F09411-F0F6-4762-BC8C-B7CA57EDBE3F}.Debug|Any CPU.ActiveCfg = Debug|Any CPU
		{24F09411-F0F6-4762-BC8C-B7CA57EDBE3F}.Debug|Any CPU.Build.0 = Debug|Any CPU
		{24F09411-F0F6-4762-BC8C-B7CA57EDBE3F}.Release|Any CPU.ActiveCfg = Release|Any CPU
		{24F09411-F0F6-4762-BC8C-B7CA57EDBE3F}.Release|Any CPU.Build.0 = Release|Any CPU
	EndGlobalSection
	GlobalSection(SolutionProperties) = preSolution
		HideSolutionNode = FALSE
	EndGlobalSection
	GlobalSection(ExtensibilityGlobals) = postSolution
		SolutionGuid = {B3492E6C-89C8-42B6-99F6-0865AF239ACF}
	EndGlobalSection
EndGlobal
